
Microsoft Visual Studio Solution File, Format Version 12.00
# Visual Studio 2017
Project("{FAE04EC0-301F-11D3-BF4B-00C04F79EFBC}") = "Button Game", "Button Game.csproj", "{9EEC657F-D0CB-1362-A699-EB04FB8AC58F}"
EndProject
Project("{FAE04EC0-301F-11D3-BF4B-00C04F79EFBC}") = "Button Game.Editor", "Button Game.Editor.csproj", "{AFBB8EB9-1796-7A4C-2033-AD94CCB67902}"
EndProject
Global
	GlobalSection(SolutionConfigurationPlatforms) = preSolution
		Debug|Any CPU = Debug|Any CPU
		Release|Any CPU = Release|Any CPU
	EndGlobalSection
	GlobalSection(ProjectConfigurationPlatforms) = postSolution
		{9EEC657F-D0CB-1362-A699-EB04FB8AC58F}.Debug|Any CPU.ActiveCfg = Debug|Any CPU
		{9EEC657F-D0CB-1362-A699-EB04FB8AC58F}.Debug|Any CPU.Build.0 = Debug|Any CPU
		{9EEC657F-D0CB-1362-A699-EB04FB8AC58F}.Release|Any CPU.ActiveCfg = Release|Any CPU
		{9EEC657F-D0CB-1362-A699-EB04FB8AC58F}.Release|Any CPU.Build.0 = Release|Any CPU
		{AFBB8EB9-1796-7A4C-2033-AD94CCB67902}.Debug|Any CPU.ActiveCfg = Debug|Any CPU
		{AFBB8EB9-1796-7A4C-2033-AD94CCB67902}.Debug|Any CPU.Build.0 = Debug|Any CPU
		{AFBB8EB9-1796-7A4C-2033-AD94CCB67902}.Release|Any CPU.ActiveCfg = Release|Any CPU
		{AFBB8EB9-1796-7A4C-2033-AD94CCB67902}.Release|Any CPU.Build.0 = Release|Any CPU
	EndGlobalSection
	GlobalSection(SolutionProperties) = preSolution
		HideSolutionNode = FALSE
	EndGlobalSection
EndGlobal
