
Microsoft Visual Studio Solution File, Format Version 11.00
# Visual Studio 2010
Project("{FAE04EC0-301F-11D3-BF4B-00C04F79EFBC}") = "Button Game", "Assembly-CSharp.csproj", "{640061F1-0A2E-EF7B-A90F-8DA9B5105A37}"
EndProject
Project("{FAE04EC0-301F-11D3-BF4B-00C04F79EFBC}") = "Button Game", "Assembly-CSharp-Editor.csproj", "{0F034F15-CBB0-7E14-AD14-275A4CC8F717}"
EndProject
Global
	GlobalSection(SolutionConfigurationPlatforms) = preSolution
		Debug|Any CPU = Debug|Any CPU
		Release|Any CPU = Release|Any CPU
	EndGlobalSection
	GlobalSection(ProjectConfigurationPlatforms) = postSolution
		{640061F1-0A2E-EF7B-A90F-8DA9B5105A37}.Debug|Any CPU.ActiveCfg = Debug|Any CPU
		{640061F1-0A2E-EF7B-A90F-8DA9B5105A37}.Debug|Any CPU.Build.0 = Debug|Any CPU
		{640061F1-0A2E-EF7B-A90F-8DA9B5105A37}.Release|Any CPU.ActiveCfg = Release|Any CPU
		{640061F1-0A2E-EF7B-A90F-8DA9B5105A37}.Release|Any CPU.Build.0 = Release|Any CPU
		{0F034F15-CBB0-7E14-AD14-275A4CC8F717}.Debug|Any CPU.ActiveCfg = Debug|Any CPU
		{0F034F15-CBB0-7E14-AD14-275A4CC8F717}.Debug|Any CPU.Build.0 = Debug|Any CPU
		{0F034F15-CBB0-7E14-AD14-275A4CC8F717}.Release|Any CPU.ActiveCfg = Release|Any CPU
		{0F034F15-CBB0-7E14-AD14-275A4CC8F717}.Release|Any CPU.Build.0 = Release|Any CPU
	EndGlobalSection
	GlobalSection(SolutionProperties) = preSolution
		HideSolutionNode = FALSE
	EndGlobalSection
	GlobalSection(MonoDevelopProperties) = preSolution
		StartupItem = Assembly-CSharp.csproj
	EndGlobalSection
EndGlobal
